
Microsoft Visual Studio Solution File, Format Version 12.00
# Visual Studio Version 17
VisualStudioVersion = 17.1.32210.238
MinimumVisualStudioVersion = 10.0.40219.1
Project("{FAE04EC0-301F-11D3-BF4B-00C04F79EFBC}") = "JC Decaux", "JC Decaux\JC Decaux.csproj", "{4C22F480-5D4B-472D-9C42-675258759487}"
EndProject
Global
	GlobalSection(SolutionConfigurationPlatforms) = preSolution
		Debug|Any CPU = Debug|Any CPU
		Release|Any CPU = Release|Any CPU
	EndGlobalSection
	GlobalSection(ProjectConfigurationPlatforms) = postSolution
		{4C22F480-5D4B-472D-9C42-675258759487}.Debug|Any CPU.ActiveCfg = Debug|Any CPU
		{4C22F480-5D4B-472D-9C42-675258759487}.Debug|Any CPU.Build.0 = Debug|Any CPU
		{4C22F480-5D4B-472D-9C42-675258759487}.Release|Any CPU.ActiveCfg = Release|Any CPU
		{4C22F480-5D4B-472D-9C42-675258759487}.Release|Any CPU.Build.0 = Release|Any CPU
	EndGlobalSection
	GlobalSection(SolutionProperties) = preSolution
		HideSolutionNode = FALSE
	EndGlobalSection
	GlobalSection(ExtensibilityGlobals) = postSolution
		SolutionGuid = {1834E00F-17DE-4CEB-863B-7BE4D31C3825}
	EndGlobalSection
EndGlobal
